Microsoft Visual Studio Solution File, Format Version 12.00
# Visual Studio Version 17
VisualStudioVersion = 17.5.2.0
MinimumVisualStudioVersion = 10.0.40219.1
Project("{FAE04EC0-301F-11D3-BF4B-00C04F79EFBC}") = "SugdAgro", "SugdAgro.csproj", "{167E3CDF-52AF-0432-F45D-0F1CA7B27570}"
EndProject
Global
	GlobalSection(SolutionConfigurationPlatforms) = preSolution
		Debug|Any CPU = Debug|Any CPU
		Release|Any CPU = Release|Any CPU
	EndGlobalSection
	GlobalSection(ProjectConfigurationPlatforms) = postSolution
		{167E3CDF-52AF-0432-F45D-0F1CA7B27570}.Debug|Any CPU.ActiveCfg = Debug|Any CPU
		{167E3CDF-52AF-0432-F45D-0F1CA7B27570}.Debug|Any CPU.Build.0 = Debug|Any CPU
		{167E3CDF-52AF-0432-F45D-0F1CA7B27570}.Release|Any CPU.ActiveCfg = Release|Any CPU
		{167E3CDF-52AF-0432-F45D-0F1CA7B27570}.Release|Any CPU.Build.0 = Release|Any CPU
	EndGlobalSection
	GlobalSection(SolutionProperties) = preSolution
		HideSolutionNode = FALSE
	EndGlobalSection
	GlobalSection(ExtensibilityGlobals) = postSolution
		SolutionGuid = {C1D122B0-9E72-4803-B976-31D705FA507A}
	EndGlobalSection
EndGlobal
